// !$*UTF8*$!
{
	archiveVersion = 1;
	classes = {
	};
	objectVersion = 46;
	objects = {

/* Begin PBXBuildFile section */
		828177C7EB0088D599D61631 /* Pods_digiVaultSignUpUITests.framework in Frameworks */ = {isa = PBXBuildFile; fileRef = DDFF284819C127EAB63E3FFE /* Pods_digiVaultSignUpUITests.framework */; };
		BE23D8021F07560E00D34EB7 /* AppDelegate.swift in Sources */ = {isa = PBXBuildFile; fileRef = BE23D8011F07560E00D34EB7 /* AppDelegate.swift */; };
		BE23D8041F07560E00D34EB7 /* ViewController.swift in Sources */ = {isa = PBXBuildFile; fileRef = BE23D8031F07560E00D34EB7 /* ViewController.swift */; };
		BE23D8071F07560E00D34EB7 /* Main.storyboard in Resources */ = {isa = PBXBuildFile; fileRef = BE23D8051F07560E00D34EB7 /* Main.storyboard */; };
		BE23D80A1F07560E00D34EB7 /* digiVaultSignUp.xcdatamodeld in Sources */ = {isa = PBXBuildFile; fileRef = BE23D8081F07560E00D34EB7 /* digiVaultSignUp.xcdatamodeld */; };
		BE23D80C1F07560E00D34EB7 /* Assets.xcassets in Resources */ = {isa = PBXBuildFile; fileRef = BE23D80B1F07560E00D34EB7 /* Assets.xcassets */; };
		BE23D80F1F07560E00D34EB7 /* LaunchScreen.storyboard in Resources */ = {isa = PBXBuildFile; fileRef = BE23D80D1F07560E00D34EB7 /* LaunchScreen.storyboard */; };
		BE23D81A1F07560E00D34EB7 /* digiVaultSignUpTests.swift in Sources */ = {isa = PBXBuildFile; fileRef = BE23D8191F07560E00D34EB7 /* digiVaultSignUpTests.swift */; };
		BE23D8251F07560E00D34EB7 /* digiVaultSignUpUITests.swift in Sources */ = {isa = PBXBuildFile; fileRef = BE23D8241F07560E00D34EB7 /* digiVaultSignUpUITests.swift */; };
		BE23D8331F078DC300D34EB7 /* signUpViewController.swift in Sources */ = {isa = PBXBuildFile; fileRef = BE23D8321F078DC300D34EB7 /* signUpViewController.swift */; };
		BE23D8351F078DEF00D34EB7 /* loginViewController.swift in Sources */ = {isa = PBXBuildFile; fileRef = BE23D8341F078DEF00D34EB7 /* loginViewController.swift */; };
		BEC9CD571F108D0C0097D447 /* DashboardViewController.swift in Sources */ = {isa = PBXBuildFile; fileRef = BEC9CD561F108D0C0097D447 /* DashboardViewController.swift */; };
		BEC9CD591F108E440097D447 /* AddViewController.swift in Sources */ = {isa = PBXBuildFile; fileRef = BEC9CD581F108E440097D447 /* AddViewController.swift */; };
		BEC9CD5B1F108F520097D447 /* ScanViewController.swift in Sources */ = {isa = PBXBuildFile; fileRef = BEC9CD5A1F108F520097D447 /* ScanViewController.swift */; };
		BEC9CD5D1F108F8F0097D447 /* UploadViewController.swift in Sources */ = {isa = PBXBuildFile; fileRef = BEC9CD5C1F108F8F0097D447 /* UploadViewController.swift */; };
		BEC9CD5F1F109A170097D447 /* FormViewController.swift in Sources */ = {isa = PBXBuildFile; fileRef = BEC9CD5E1F109A170097D447 /* FormViewController.swift */; };
		C213A9A055136D68F11EF934 /* Pods_digiVaultSignUpTests.framework in Frameworks */ = {isa = PBXBuildFile; fileRef = EE1CEDFA06790A62EACC49C8 /* Pods_digiVaultSignUpTests.framework */; };
		CEB50637B9D47609DF15E203 /* Pods_digiVaultSignUp.framework in Frameworks */ = {isa = PBXBuildFile; fileRef = 468B31F85DD560A59F11B0DA /* Pods_digiVaultSignUp.framework */; };
/* End PBXBuildFile section */

/* Begin PBXContainerItemProxy section */
		BE23D8161F07560E00D34EB7 /* PBXContainerItemProxy */ = {
			isa = PBXContainerItemProxy;
			containerPortal = BE23D7F61F07560E00D34EB7 /* Project object */;
			proxyType = 1;
			remoteGlobalIDString = BE23D7FD1F07560E00D34EB7;
			remoteInfo = digiVaultSignUp;
		};
		BE23D8211F07560E00D34EB7 /* PBXContainerItemProxy */ = {
			isa = PBXContainerItemProxy;
			containerPortal = BE23D7F61F07560E00D34EB7 /* Project object */;
			proxyType = 1;
			remoteGlobalIDString = BE23D7FD1F07560E00D34EB7;
			remoteInfo = digiVaultSignUp;
		};
/* End PBXContainerItemProxy section */

/* Begin PBXFileReference section */
		2D243FA03424F2302BFFD4FB /* Pods-digiVaultSignUp.release.xcconfig */ = {isa = PBXFileReference; includeInIndex = 1; lastKnownFileType = text.xcconfig; name = "Pods-digiVaultSignUp.release.xcconfig"; path = "Pods/Target Support Files/Pods-digiVaultSignUp/Pods-digiVaultSignUp.release.xcconfig"; sourceTree = "<group>"; };
		32DE1C6F715ECEBB5029A8A1 /* Pods-digiVaultSignUpUITests.release.xcconfig */ = {isa = PBXFileReference; includeInIndex = 1; lastKnownFileType = text.xcconfig; name = "Pods-digiVaultSignUpUITests.release.xcconfig"; path = "Pods/Target Support Files/Pods-digiVaultSignUpUITests/Pods-digiVaultSignUpUITests.release.xcconfig"; sourceTree = "<group>"; };
		468B31F85DD560A59F11B0DA /* Pods_digiVaultSignUp.framework */ = {isa = PBXFileReference; explicitFileType = wrapper.framework; includeInIndex = 0; path = Pods_digiVaultSignUp.framework; sourceTree = BUILT_PRODUCTS_DIR; };
		56868AA439BBE4220B9450B2 /* Pods-digiVaultSignUpUITests.debug.xcconfig */ = {isa = PBXFileReference; includeInIndex = 1; lastKnownFileType = text.xcconfig; name = "Pods-digiVaultSignUpUITests.debug.xcconfig"; path = "Pods/Target Support Files/Pods-digiVaultSignUpUITests/Pods-digiVaultSignUpUITests.debug.xcconfig"; sourceTree = "<group>"; };
		79D4F80A2B645D4DA9B811D5 /* Pods-digiVaultSignUp.debug.xcconfig */ = {isa = PBXFileReference; includeInIndex = 1; lastKnownFileType = text.xcconfig; name = "Pods-digiVaultSignUp.debug.xcconfig"; path = "Pods/Target Support Files/Pods-digiVaultSignUp/Pods-digiVaultSignUp.debug.xcconfig"; sourceTree = "<group>"; };
		A826C4FC3C63DE90B9138B6F /* Pods-digiVaultSignUpTests.release.xcconfig */ = {isa = PBXFileReference; includeInIndex = 1; lastKnownFileType = text.xcconfig; name = "Pods-digiVaultSignUpTests.release.xcconfig"; path = "Pods/Target Support Files/Pods-digiVaultSignUpTests/Pods-digiVaultSignUpTests.release.xcconfig"; sourceTree = "<group>"; };
		BE23D7FE1F07560E00D34EB7 /* digiVaultSignUp.app */ = {isa = PBXFileReference; explicitFileType = wrapper.application; includeInIndex = 0; path = digiVaultSignUp.app; sourceTree = BUILT_PRODUCTS_DIR; };
		BE23D8011F07560E00D34EB7 /* AppDelegate.swift */ = {isa = PBXFileReference; lastKnownFileType = sourcecode.swift; path = AppDelegate.swift; sourceTree = "<group>"; };
		BE23D8031F07560E00D34EB7 /* ViewController.swift */ = {isa = PBXFileReference; lastKnownFileType = sourcecode.swift; path = ViewController.swift; sourceTree = "<group>"; };
		BE23D8061F07560E00D34EB7 /* Base */ = {isa = PBXFileReference; lastKnownFileType = file.storyboard; name = Base; path = Base.lproj/Main.storyboard; sourceTree = "<group>"; };
		BE23D8091F07560E00D34EB7 /* digiVaultSignUp.xcdatamodel */ = {isa = PBXFileReference; lastKnownFileType = wrapper.xcdatamodel; path = digiVaultSignUp.xcdatamodel; sourceTree = "<group>"; };
		BE23D80B1F07560E00D34EB7 /* Assets.xcassets */ = {isa = PBXFileReference; lastKnownFileType = folder.assetcatalog; path = Assets.xcassets; sourceTree = "<group>"; };
		BE23D80E1F07560E00D34EB7 /* Base */ = {isa = PBXFileReference; lastKnownFileType = file.storyboard; name = Base; path = Base.lproj/LaunchScreen.storyboard; sourceTree = "<group>"; };
		BE23D8101F07560E00D34EB7 /* Info.plist */ = {isa = PBXFileReference; lastKnownFileType = text.plist.xml; path = Info.plist; sourceTree = "<group>"; };
		BE23D8151F07560E00D34EB7 /* digiVaultSignUpTests.xctest */ = {isa = PBXFileReference; explicitFileType = wrapper.cfbundle; includeInIndex = 0; path = digiVaultSignUpTests.xctest; sourceTree = BUILT_PRODUCTS_DIR; };
		BE23D8191F07560E00D34EB7 /* digiVaultSignUpTests.swift */ = {isa = PBXFileReference; lastKnownFileType = sourcecode.swift; path = digiVaultSignUpTests.swift; sourceTree = "<group>"; };
		BE23D81B1F07560E00D34EB7 /* Info.plist */ = {isa = PBXFileReference; lastKnownFileType = text.plist.xml; path = Info.plist; sourceTree = "<group>"; };
		BE23D8201F07560E00D34EB7 /* digiVaultSignUpUITests.xctest */ = {isa = PBXFileReference; explicitFileType = wrapper.cfbundle; includeInIndex = 0; path = digiVaultSignUpUITests.xctest; sourceTree = BUILT_PRODUCTS_DIR; };
		BE23D8241F07560E00D34EB7 /* digiVaultSignUpUITests.swift */ = {isa = PBXFileReference; lastKnownFileType = sourcecode.swift; path = digiVaultSignUpUITests.swift; sourceTree = "<group>"; };
		BE23D8261F07560E00D34EB7 /* Info.plist */ = {isa = PBXFileReference; lastKnownFileType = text.plist.xml; path = Info.plist; sourceTree = "<group>"; };
		BE23D8321F078DC300D34EB7 /* signUpViewController.swift */ = {isa = PBXFileReference; fileEncoding = 4; lastKnownFileType = sourcecode.swift; path = signUpViewController.swift; sourceTree = "<group>"; };
		BE23D8341F078DEF00D34EB7 /* loginViewController.swift */ = {isa = PBXFileReference; fileEncoding = 4; lastKnownFileType = sourcecode.swift; path = loginViewController.swift; sourceTree = "<group>"; };
		BEC9CD561F108D0C0097D447 /* DashboardViewController.swift */ = {isa = PBXFileReference; fileEncoding = 4; lastKnownFileType = sourcecode.swift; path = DashboardViewController.swift; sourceTree = "<group>"; };
		BEC9CD581F108E440097D447 /* AddViewController.swift */ = {isa = PBXFileReference; fileEncoding = 4; lastKnownFileType = sourcecode.swift; path = AddViewController.swift; sourceTree = "<group>"; };
		BEC9CD5A1F108F520097D447 /* ScanViewController.swift */ = {isa = PBXFileReference; fileEncoding = 4; lastKnownFileType = sourcecode.swift; path = ScanViewController.swift; sourceTree = "<group>"; };
		BEC9CD5C1F108F8F0097D447 /* UploadViewController.swift */ = {isa = PBXFileReference; fileEncoding = 4; lastKnownFileType = sourcecode.swift; path = UploadViewController.swift; sourceTree = "<group>"; };
		BEC9CD5E1F109A170097D447 /* FormViewController.swift */ = {isa = PBXFileReference; fileEncoding = 4; lastKnownFileType = sourcecode.swift; path = FormViewController.swift; sourceTree = "<group>"; };
		CD9AF16172804B54F88E1193 /* Pods-digiVaultSignUpTests.debug.xcconfig */ = {isa = PBXFileReference; includeInIndex = 1; lastKnownFileType = text.xcconfig; name = "Pods-digiVaultSignUpTests.debug.xcconfig"; path = "Pods/Target Support Files/Pods-digiVaultSignUpTests/Pods-digiVaultSignUpTests.debug.xcconfig"; sourceTree = "<group>"; };
		DDFF284819C127EAB63E3FFE /* Pods_digiVaultSignUpUITests.framework */ = {isa = PBXFileReference; explicitFileType = wrapper.framework; includeInIndex = 0; path = Pods_digiVaultSignUpUITests.framework; sourceTree = BUILT_PRODUCTS_DIR; };
		EE1CEDFA06790A62EACC49C8 /* Pods_digiVaultSignUpTests.framework */ = {isa = PBXFileReference; explicitFileType = wrapper.framework; includeInIndex = 0; path = Pods_digiVaultSignUpTests.framework; sourceTree = BUILT_PRODUCTS_DIR; };
/* End PBXFileReference section */

/* Begin PBXFrameworksBuildPhase section */
		BE23D7FB1F07560E00D34EB7 /* Frameworks */ = {
			isa = PBXFrameworksBuildPhase;
			buildActionMask = 2147483647;
			files = (
				CEB50637B9D47609DF15E203 /* Pods_digiVaultSignUp.framework in Frameworks */,
			);
			runOnlyForDeploymentPostprocessing = 0;
		};
		BE23D8121F07560E00D34EB7 /* Frameworks */ = {
			isa = PBXFrameworksBuildPhase;
			buildActionMask = 2147483647;
			files = (
				C213A9A055136D68F11EF934 /* Pods_digiVaultSignUpTests.framework in Frameworks */,
			);
			runOnlyForDeploymentPostprocessing = 0;
		};
		BE23D81D1F07560E00D34EB7 /* Frameworks */ = {
			isa = PBXFrameworksBuildPhase;
			buildActionMask = 2147483647;
			files = (
				828177C7EB0088D599D61631 /* Pods_digiVaultSignUpUITests.framework in Frameworks */,
			);
			runOnlyForDeploymentPostprocessing = 0;
		};
/* End PBXFrameworksBuildPhase section */

/* Begin PBXGroup section */
		BE23D7F51F07560E00D34EB7 = {
			isa = PBXGroup;
			children = (
				BE23D8001F07560E00D34EB7 /* digiVaultSignUp */,
				BE23D8181F07560E00D34EB7 /* digiVaultSignUpTests */,
				BE23D8231F07560E00D34EB7 /* digiVaultSignUpUITests */,
				BE23D7FF1F07560E00D34EB7 /* Products */,
				D95C345DE54456D725D4177B /* Pods */,
				D5C941E5BDCB4F13AE7CD007 /* Frameworks */,
			);
			sourceTree = "<group>";
		};
		BE23D7FF1F07560E00D34EB7 /* Products */ = {
			isa = PBXGroup;
			children = (
				BE23D7FE1F07560E00D34EB7 /* digiVaultSignUp.app */,
				BE23D8151F07560E00D34EB7 /* digiVaultSignUpTests.xctest */,
				BE23D8201F07560E00D34EB7 /* digiVaultSignUpUITests.xctest */,
			);
			name = Products;
			sourceTree = "<group>";
		};
		BE23D8001F07560E00D34EB7 /* digiVaultSignUp */ = {
			isa = PBXGroup;
			children = (
				BE23D8011F07560E00D34EB7 /* AppDelegate.swift */,
				BE23D8031F07560E00D34EB7 /* ViewController.swift */,
				BE23D8051F07560E00D34EB7 /* Main.storyboard */,
				BEC9CD5E1F109A170097D447 /* FormViewController.swift */,
				BEC9CD5C1F108F8F0097D447 /* UploadViewController.swift */,
				BEC9CD5A1F108F520097D447 /* ScanViewController.swift */,
				BEC9CD581F108E440097D447 /* AddViewController.swift */,
				BEC9CD561F108D0C0097D447 /* DashboardViewController.swift */,
				BE23D80B1F07560E00D34EB7 /* Assets.xcassets */,
				BE23D80D1F07560E00D34EB7 /* LaunchScreen.storyboard */,
				BE23D8101F07560E00D34EB7 /* Info.plist */,
				BE23D8081F07560E00D34EB7 /* digiVaultSignUp.xcdatamodeld */,
				BE23D8321F078DC300D34EB7 /* signUpViewController.swift */,
				BE23D8341F078DEF00D34EB7 /* loginViewController.swift */,
			);
			path = digiVaultSignUp;
			sourceTree = "<group>";
		};
		BE23D8181F07560E00D34EB7 /* digiVaultSignUpTests */ = {
			isa = PBXGroup;
			children = (
				BE23D8191F07560E00D34EB7 /* digiVaultSignUpTests.swift */,
				BE23D81B1F07560E00D34EB7 /* Info.plist */,
			);
			path = digiVaultSignUpTests;
			sourceTree = "<group>";
		};
		BE23D8231F07560E00D34EB7 /* digiVaultSignUpUITests */ = {
			isa = PBXGroup;
			children = (
				BE23D8241F07560E00D34EB7 /* digiVaultSignUpUITests.swift */,
				BE23D8261F07560E00D34EB7 /* Info.plist */,
			);
			path = digiVaultSignUpUITests;
			sourceTree = "<group>";
		};
		D5C941E5BDCB4F13AE7CD007 /* Frameworks */ = {
			isa = PBXGroup;
			children = (
				468B31F85DD560A59F11B0DA /* Pods_digiVaultSignUp.framework */,
				EE1CEDFA06790A62EACC49C8 /* Pods_digiVaultSignUpTests.framework */,
				DDFF284819C127EAB63E3FFE /* Pods_digiVaultSignUpUITests.framework */,
			);
			name = Frameworks;
			sourceTree = "<group>";
		};
		D95C345DE54456D725D4177B /* Pods */ = {
			isa = PBXGroup;
			children = (
				79D4F80A2B645D4DA9B811D5 /* Pods-digiVaultSignUp.debug.xcconfig */,
				2D243FA03424F2302BFFD4FB /* Pods-digiVaultSignUp.release.xcconfig */,
				CD9AF16172804B54F88E1193 /* Pods-digiVaultSignUpTests.debug.xcconfig */,
				A826C4FC3C63DE90B9138B6F /* Pods-digiVaultSignUpTests.release.xcconfig */,
				56868AA439BBE4220B9450B2 /* Pods-digiVaultSignUpUITests.debug.xcconfig */,
				32DE1C6F715ECEBB5029A8A1 /* Pods-digiVaultSignUpUITests.release.xcconfig */,
			);
			name = Pods;
			sourceTree = "<group>";
		};
/* End PBXGroup section */

/* Begin PBXNativeTarget section */
		BE23D7FD1F07560E00D34EB7 /* digiVaultSignUp */ = {
			isa = PBXNativeTarget;
			buildConfigurationList = BE23D8291F07560E00D34EB7 /* Build configuration list for PBXNativeTarget "digiVaultSignUp" */;
			buildPhases = (
				BC2F42C3DD69ED02975FB34A /* [CP] Check Pods Manifest.lock */,
				BE23D7FA1F07560E00D34EB7 /* Sources */,
				BE23D7FB1F07560E00D34EB7 /* Frameworks */,
				BE23D7FC1F07560E00D34EB7 /* Resources */,
				45B4486DFAE3BAB469027490 /* [CP] Embed Pods Frameworks */,
				CCAF898AB5EE371CB9E6F670 /* [CP] Copy Pods Resources */,
			);
			buildRules = (
			);
			dependencies = (
			);
			name = digiVaultSignUp;
			productName = digiVaultSignUp;
			productReference = BE23D7FE1F07560E00D34EB7 /* digiVaultSignUp.app */;
			productType = "com.apple.product-type.application";
		};
		BE23D8141F07560E00D34EB7 /* digiVaultSignUpTests */ = {
			isa = PBXNativeTarget;
			buildConfigurationList = BE23D82C1F07560E00D34EB7 /* Build configuration list for PBXNativeTarget "digiVaultSignUpTests" */;
			buildPhases = (
				DBB482CEE433C4EFDE94E8DF /* [CP] Check Pods Manifest.lock */,
				BE23D8111F07560E00D34EB7 /* Sources */,
				BE23D8121F07560E00D34EB7 /* Frameworks */,
				BE23D8131F07560E00D34EB7 /* Resources */,
				FCFEB69B1746F7E131DD6448 /* [CP] Embed Pods Frameworks */,
				72D99DEB43682899A1327526 /* [CP] Copy Pods Resources */,
			);
			buildRules = (
			);
			dependencies = (
				BE23D8171F07560E00D34EB7 /* PBXTargetDependency */,
			);
			name = digiVaultSignUpTests;
			productName = digiVaultSignUpTests;
			productReference = BE23D8151F07560E00D34EB7 /* digiVaultSignUpTests.xctest */;
			productType = "com.apple.product-type.bundle.unit-test";
		};
		BE23D81F1F07560E00D34EB7 /* digiVaultSignUpUITests */ = {
			isa = PBXNativeTarget;
			buildConfigurationList = BE23D82F1F07560E00D34EB7 /* Build configuration list for PBXNativeTarget "digiVaultSignUpUITests" */;
			buildPhases = (
				415A64C55E619C24D7B5323E /* [CP] Check Pods Manifest.lock */,
				BE23D81C1F07560E00D34EB7 /* Sources */,
				BE23D81D1F07560E00D34EB7 /* Frameworks */,
				BE23D81E1F07560E00D34EB7 /* Resources */,
				38C1F77BBAAE756CBD742254 /* [CP] Embed Pods Frameworks */,
				9203C668E549993D223F3AE6 /* [CP] Copy Pods Resources */,
			);
			buildRules = (
			);
			dependencies = (
				BE23D8221F07560E00D34EB7 /* PBXTargetDependency */,
			);
			name = digiVaultSignUpUITests;
			productName = digiVaultSignUpUITests;
			productReference = BE23D8201F07560E00D34EB7 /* digiVaultSignUpUITests.xctest */;
			productType = "com.apple.product-type.bundle.ui-testing";
		};
/* End PBXNativeTarget section */

/* Begin PBXProject section */
		BE23D7F61F07560E00D34EB7 /* Project object */ = {
			isa = PBXProject;
			attributes = {
				LastSwiftUpdateCheck = 0820;
				LastUpgradeCheck = 0820;
				ORGANIZATIONNAME = "R.M.D. Enginering College";
				TargetAttributes = {
					BE23D7FD1F07560E00D34EB7 = {
						CreatedOnToolsVersion = 8.2.1;
						ProvisioningStyle = Automatic;
					};
					BE23D8141F07560E00D34EB7 = {
						CreatedOnToolsVersion = 8.2.1;
						ProvisioningStyle = Automatic;
						TestTargetID = BE23D7FD1F07560E00D34EB7;
					};
					BE23D81F1F07560E00D34EB7 = {
						CreatedOnToolsVersion = 8.2.1;
						ProvisioningStyle = Automatic;
						TestTargetID = BE23D7FD1F07560E00D34EB7;
					};
				};
			};
			buildConfigurationList = BE23D7F91F07560E00D34EB7 /* Build configuration list for PBXProject "digiVaultSignUp" */;
			compatibilityVersion = "Xcode 3.2";
			developmentRegion = English;
			hasScannedForEncodings = 0;
			knownRegions = (
				en,
				Base,
			);
			mainGroup = BE23D7F51F07560E00D34EB7;
			productRefGroup = BE23D7FF1F07560E00D34EB7 /* Products */;
			projectDirPath = "";
			projectRoot = "";
			targets = (
				BE23D7FD1F07560E00D34EB7 /* digiVaultSignUp */,
				BE23D8141F07560E00D34EB7 /* digiVaultSignUpTests */,
				BE23D81F1F07560E00D34EB7 /* digiVaultSignUpUITests */,
			);
		};
/* End PBXProject section */

/* Begin PBXResourcesBuildPhase section */
		BE23D7FC1F07560E00D34EB7 /* Resources */ = {
			isa = PBXResourcesBuildPhase;
			buildActionMask = 2147483647;
			files = (
				BE23D80F1F07560E00D34EB7 /* LaunchScreen.storyboard in Resources */,
				BE23D80C1F07560E00D34EB7 /* Assets.xcassets in Resources */,
				BE23D8071F07560E00D34EB7 /* Main.storyboard in Resources */,
			);
			runOnlyForDeploymentPostprocessing = 0;
		};
		BE23D8131F07560E00D34EB7 /* Resources */ = {
			isa = PBXResourcesBuildPhase;
			buildActionMask = 2147483647;
			files = (
			);
			runOnlyForDeploymentPostprocessing = 0;
		};
		BE23D81E1F07560E00D34EB7 /* Resources */ = {
			isa = PBXResourcesBuildPhase;
			buildActionMask = 2147483647;
			files = (
			);
			runOnlyForDeploymentPostprocessing = 0;
		};
/* End PBXResourcesBuildPhase section */

/* Begin PBXShellScriptBuildPhase section */
		38C1F77BBAAE756CBD742254 /* [CP] Embed Pods Frameworks */ = {
			isa = PBXShellScriptBuildPhase;
			buildActionMask = 2147483647;
			files = (
			);
			inputPaths = (
			);
			name = "[CP] Embed Pods Frameworks";
			outputPaths = (
			);
			runOnlyForDeploymentPostprocessing = 0;
			shellPath = /bin/sh;
			shellScript = "\"${SRCROOT}/Pods/Target Support Files/Pods-digiVaultSignUpUITests/Pods-digiVaultSignUpUITests-frameworks.sh\"\n";
			showEnvVarsInLog = 0;
		};
		415A64C55E619C24D7B5323E /* [CP] Check Pods Manifest.lock */ = {
			isa = PBXShellScriptBuildPhase;
			buildActionMask = 2147483647;
			files = (
			);
			inputPaths = (
			);
			name = "[CP] Check Pods Manifest.lock";
			outputPaths = (
			);
			runOnlyForDeploymentPostprocessing = 0;
			shellPath = /bin/sh;
			shellScript = "diff \"${PODS_PODFILE_DIR_PATH}/Podfile.lock\" \"${PODS_ROOT}/Manifest.lock\" > /dev/null\nif [ $? != 0 ] ; then\n    # print error to STDERR\n    echo \"error: The sandbox is not in sync with the Podfile.lock. Run 'pod install' or update your CocoaPods installation.\" >&2\n    exit 1\nfi\n";
			showEnvVarsInLog = 0;
		};
		45B4486DFAE3BAB469027490 /* [CP] Embed Pods Frameworks */ = {
			isa = PBXShellScriptBuildPhase;
			buildActionMask = 2147483647;
			files = (
			);
			inputPaths = (
			);
			name = "[CP] Embed Pods Frameworks";
			outputPaths = (
			);
			runOnlyForDeploymentPostprocessing = 0;
			shellPath = /bin/sh;
			shellScript = "\"${SRCROOT}/Pods/Target Support Files/Pods-digiVaultSignUp/Pods-digiVaultSignUp-frameworks.sh\"\n";
			showEnvVarsInLog = 0;
		};
		72D99DEB43682899A1327526 /* [CP] Copy Pods Resources */ = {
			isa = PBXShellScriptBuildPhase;
			buildActionMask = 2147483647;
			files = (
			);
			inputPaths = (
			);
			name = "[CP] Copy Pods Resources";
			outputPaths = (
			);
			runOnlyForDeploymentPostprocessing = 0;
			shellPath = /bin/sh;
			shellScript = "\"${SRCROOT}/Pods/Target Support Files/Pods-digiVaultSignUpTests/Pods-digiVaultSignUpTests-resources.sh\"\n";
			showEnvVarsInLog = 0;
		};
		9203C668E549993D223F3AE6 /* [CP] Copy Pods Resources */ = {
			isa = PBXShellScriptBuildPhase;
			buildActionMask = 2147483647;
			files = (
			);
			inputPaths = (
			);
			name = "[CP] Copy Pods Resources";
			outputPaths = (
			);
			runOnlyForDeploymentPostprocessing = 0;
			shellPath = /bin/sh;
			shellScript = "\"${SRCROOT}/Pods/Target Support Files/Pods-digiVaultSignUpUITests/Pods-digiVaultSignUpUITests-resources.sh\"\n";
			showEnvVarsInLog = 0;
		};
		BC2F42C3DD69ED02975FB34A /* [CP] Check Pods Manifest.lock */ = {
			isa = PBXShellScriptBuildPhase;
			buildActionMask = 2147483647;
			files = (
			);
			inputPaths = (
			);
			name = "[CP] Check Pods Manifest.lock";
			outputPaths = (
			);
			runOnlyForDeploymentPostprocessing = 0;
			shellPath = /bin/sh;
			shellScript = "diff \"${PODS_PODFILE_DIR_PATH}/Podfile.lock\" \"${PODS_ROOT}/Manifest.lock\" > /dev/null\nif [ $? != 0 ] ; then\n    # print error to STDERR\n    echo \"error: The sandbox is not in sync with the Podfile.lock. Run 'pod install' or update your CocoaPods installation.\" >&2\n    exit 1\nfi\n";
			showEnvVarsInLog = 0;
		};
		CCAF898AB5EE371CB9E6F670 /* [CP] Copy Pods Resources */ = {
			isa = PBXShellScriptBuildPhase;
			buildActionMask = 2147483647;
			files = (
			);
			inputPaths = (
			);
			name = "[CP] Copy Pods Resources";
			outputPaths = (
			);
			runOnlyForDeploymentPostprocessing = 0;
			shellPath = /bin/sh;
			shellScript = "\"${SRCROOT}/Pods/Target Support Files/Pods-digiVaultSignUp/Pods-digiVaultSignUp-resources.sh\"\n";
			showEnvVarsInLog = 0;
		};
		DBB482CEE433C4EFDE94E8DF /* [CP] Check Pods Manifest.lock */ = {
			isa = PBXShellScriptBuildPhase;
			buildActionMask = 2147483647;
			files = (
			);
			inputPaths = (
			);
			name = "[CP] Check Pods Manifest.lock";
			outputPaths = (
			);
			runOnlyForDeploymentPostprocessing = 0;
			shellPath = /bin/sh;
			shellScript = "diff \"${PODS_PODFILE_DIR_PATH}/Podfile.lock\" \"${PODS_ROOT}/Manifest.lock\" > /dev/null\nif [ $? != 0 ] ; then\n    # print error to STDERR\n    echo \"error: The sandbox is not in sync with the Podfile.lock. Run 'pod install' or update your CocoaPods installation.\" >&2\n    exit 1\nfi\n";
			showEnvVarsInLog = 0;
		};
		FCFEB69B1746F7E131DD6448 /* [CP] Embed Pods Frameworks */ = {
			isa = PBXShellScriptBuildPhase;
			buildActionMask = 2147483647;
			files = (
			);
			inputPaths = (
			);
			name = "[CP] Embed Pods Frameworks";
			outputPaths = (
			);
			runOnlyForDeploymentPostprocessing = 0;
			shellPath = /bin/sh;
			shellScript = "\"${SRCROOT}/Pods/Target Support Files/Pods-digiVaultSignUpTests/Pods-digiVaultSignUpTests-frameworks.sh\"\n";
			showEnvVarsInLog = 0;
		};
/* End PBXShellScriptBuildPhase section */

/* Begin PBXSourcesBuildPhase section */
		BE23D7FA1F07560E00D34EB7 /* Sources */ = {
			isa = PBXSourcesBuildPhase;
			buildActionMask = 2147483647;
			files = (
				BE23D8041F07560E00D34EB7 /* ViewController.swift in Sources */,
				BEC9CD571F108D0C0097D447 /* DashboardViewController.swift in Sources */,
				BEC9CD591F108E440097D447 /* AddViewController.swift in Sources */,
				BE23D80A1F07560E00D34EB7 /* digiVaultSignUp.xcdatamodeld in Sources */,
				BEC9CD5D1F108F8F0097D447 /* UploadViewController.swift in Sources */,
				BE23D8331F078DC300D34EB7 /* signUpViewController.swift in Sources */,
				BE23D8021F07560E00D34EB7 /* AppDelegate.swift in Sources */,
				BE23D8351F078DEF00D34EB7 /* loginViewController.swift in Sources */,
				BEC9CD5F1F109A170097D447 /* FormViewController.swift in Sources */,
				BEC9CD5B1F108F520097D447 /* ScanViewController.swift in Sources */,
			);
			runOnlyForDeploymentPostprocessing = 0;
		};
		BE23D8111F07560E00D34EB7 /* Sources */ = {
			isa = PBXSourcesBuildPhase;
			buildActionMask = 2147483647;
			files = (
				BE23D81A1F07560E00D34EB7 /* digiVaultSignUpTests.swift in Sources */,
			);
			runOnlyForDeploymentPostprocessing = 0;
		};
		BE23D81C1F07560E00D34EB7 /* Sources */ = {
			isa = PBXSourcesBuildPhase;
			buildActionMask = 2147483647;
			files = (
				BE23D8251F07560E00D34EB7 /* digiVaultSignUpUITests.swift in Sources */,
			);
			runOnlyForDeploymentPostprocessing = 0;
		};
/* End PBXSourcesBuildPhase section */

/* Begin PBXTargetDependency section */
		BE23D8171F07560E00D34EB7 /* PBXTargetDependency */ = {
			isa = PBXTargetDependency;
			target = BE23D7FD1F07560E00D34EB7 /* digiVaultSignUp */;
			targetProxy = BE23D8161F07560E00D34EB7 /* PBXContainerItemProxy */;
		};
		BE23D8221F07560E00D34EB7 /* PBXTargetDependency */ = {
			isa = PBXTargetDependency;
			target = BE23D7FD1F07560E00D34EB7 /* digiVaultSignUp */;
			targetProxy = BE23D8211F07560E00D34EB7 /* PBXContainerItemProxy */;
		};
/* End PBXTargetDependency section */

/* Begin PBXVariantGroup section */
		BE23D8051F07560E00D34EB7 /* Main.storyboard */ = {
			isa = PBXVariantGroup;
			children = (
				BE23D8061F07560E00D34EB7 /* Base */,
			);
			name = Main.storyboard;
			sourceTree = "<group>";
		};
		BE23D80D1F07560E00D34EB7 /* LaunchScreen.storyboard */ = {
			isa = PBXVariantGroup;
			children = (
				BE23D80E1F07560E00D34EB7 /* Base */,
			);
			name = LaunchScreen.storyboard;
			sourceTree = "<group>";
		};
/* End PBXVariantGroup section */

/* Begin XCBuildConfiguration section */
		BE23D8271F07560E00D34EB7 /* Debug */ = {
			isa = XCBuildConfiguration;
			buildSettings = {
				ALWAYS_SEARCH_USER_PATHS = NO;
				CLANG_ANALYZER_NONNULL = YES;
				CLANG_CXX_LANGUAGE_STANDARD = "gnu++0x";
				CLANG_CXX_LIBRARY = "libc++";
				CLANG_ENABLE_MODULES = YES;
				CLANG_ENABLE_OBJC_ARC = YES;
				CLANG_WARN_BOOL_CONVERSION = YES;
				CLANG_WARN_CONSTANT_CONVERSION = YES;
				CLANG_WARN_DIRECT_OBJC_ISA_USAGE = YES_ERROR;
				CLANG_WARN_DOCUMENTATION_COMMENTS = YES;
				CLANG_WARN_EMPTY_BODY = YES;
				CLANG_WARN_ENUM_CONVERSION = YES;
				CLANG_WARN_INFINITE_RECURSION = YES;
				CLANG_WARN_INT_CONVERSION = YES;
				CLANG_WARN_OBJC_ROOT_CLASS = YES_ERROR;
				CLANG_WARN_SUSPICIOUS_MOVE = YES;
				CLANG_WARN_UNREACHABLE_CODE = YES;
				CLANG_WARN__DUPLICATE_METHOD_MATCH = YES;
				"CODE_SIGN_IDENTITY[sdk=iphoneos*]" = "iPhone Developer";
				COPY_PHASE_STRIP = NO;
				DEBUG_INFORMATION_FORMAT = dwarf;
				ENABLE_STRICT_OBJC_MSGSEND = YES;
				ENABLE_TESTABILITY = YES;
				GCC_C_LANGUAGE_STANDARD = gnu99;
				GCC_DYNAMIC_NO_PIC = NO;
				GCC_NO_COMMON_BLOCKS = YES;
				GCC_OPTIMIZATION_LEVEL = 0;
				GCC_PREPROCESSOR_DEFINITIONS = (
					"DEBUG=1",
					"$(inherited)",
				);
				GCC_WARN_64_TO_32_BIT_CONVERSION = YES;
				GCC_WARN_ABOUT_RETURN_TYPE = YES_ERROR;
				GCC_WARN_UNDECLARED_SELECTOR = YES;
				GCC_WARN_UNINITIALIZED_AUTOS = YES_AGGRESSIVE;
				GCC_WARN_UNUSED_FUNCTION = YES;
				GCC_WARN_UNUSED_VARIABLE = YES;
				IPHONEOS_DEPLOYMENT_TARGET = 10.2;
				MTL_ENABLE_DEBUG_INFO = YES;
				ONLY_ACTIVE_ARCH = YES;
				SDKROOT = iphoneos;
				SWIFT_ACTIVE_COMPILATION_CONDITIONS = DEBUG;
				SWIFT_OPTIMIZATION_LEVEL = "-Onone";
				TARGETED_DEVICE_FAMILY = "1,2";
			};
			name = Debug;
		};
		BE23D8281F07560E00D34EB7 /* Release */ = {
			isa = XCBuildConfiguration;
			buildSettings = {
				ALWAYS_SEARCH_USER_PATHS = NO;
				CLANG_ANALYZER_NONNULL = YES;
				CLANG_CXX_LANGUAGE_STANDARD = "gnu++0x";
				CLANG_CXX_LIBRARY = "libc++";
				CLANG_ENABLE_MODULES = YES;
				CLANG_ENABLE_OBJC_ARC = YES;
				CLANG_WARN_BOOL_CONVERSION = YES;
				CLANG_WARN_CONSTANT_CONVERSION = YES;
				CLANG_WARN_DIRECT_OBJC_ISA_USAGE = YES_ERROR;
				CLANG_WARN_DOCUMENTATION_COMMENTS = YES;
				CLANG_WARN_EMPTY_BODY = YES;
				CLANG_WARN_ENUM_CONVERSION = YES;
				CLANG_WARN_INFINITE_RECURSION = YES;
				CLANG_WARN_INT_CONVERSION = YES;
				CLANG_WARN_OBJC_ROOT_CLASS = YES_ERROR;
				CLANG_WARN_SUSPICIOUS_MOVE = YES;
				CLANG_WARN_UNREACHABLE_CODE = YES;
				CLANG_WARN__DUPLICATE_METHOD_MATCH = YES;
				"CODE_SIGN_IDENTITY[sdk=iphoneos*]" = "iPhone Developer";
				COPY_PHASE_STRIP = NO;
				DEBUG_INFORMATION_FORMAT = "dwarf-with-dsym";
				ENABLE_NS_ASSERTIONS = NO;
				ENABLE_STRICT_OBJC_MSGSEND = YES;
				GCC_C_LANGUAGE_STANDARD = gnu99;
				GCC_NO_COMMON_BLOCKS = YES;
				GCC_WARN_64_TO_32_BIT_CONVERSION = YES;
				GCC_WARN_ABOUT_RETURN_TYPE = YES_ERROR;
				GCC_WARN_UNDECLARED_SELECTOR = YES;
				GCC_WARN_UNINITIALIZED_AUTOS = YES_AGGRESSIVE;
				GCC_WARN_UNUSED_FUNCTION = YES;
				GCC_WARN_UNUSED_VARIABLE = YES;
				IPHONEOS_DEPLOYMENT_TARGET = 10.2;
				MTL_ENABLE_DEBUG_INFO = NO;
				SDKROOT = iphoneos;
				SWIFT_OPTIMIZATION_LEVEL = "-Owholemodule";
				TARGETED_DEVICE_FAMILY = "1,2";
				VALIDATE_PRODUCT = YES;
			};
			name = Release;
		};
		BE23D82A1F07560E00D34EB7 /* Debug */ = {
			isa = XCBuildConfiguration;
			baseConfigurationReference = 79D4F80A2B645D4DA9B811D5 /* Pods-digiVaultSignUp.debug.xcconfig */;
			buildSettings = {
				ASSETCATALOG_COMPILER_APPICON_NAME = AppIcon;
				ENABLE_BITCODE = NO;
				INFOPLIST_FILE = digiVaultSignUp/Info.plist;
				LD_RUNPATH_SEARCH_PATHS = "$(inherited)";
				PRODUCT_BUNDLE_IDENTIFIER = "R.M.D.-Enginering-College.digiVaultSignUp";
				PRODUCT_NAME = "$(TARGET_NAME)";
				SWIFT_VERSION = 3.0;
			};
			name = Debug;
		};
		BE23D82B1F07560E00D34EB7 /* Release */ = {
			isa = XCBuildConfiguration;
			baseConfigurationReference = 2D243FA03424F2302BFFD4FB /* Pods-digiVaultSignUp.release.xcconfig */;
			buildSettings = {
				ASSETCATALOG_COMPILER_APPICON_NAME = AppIcon;
				ENABLE_BITCODE = NO;
				INFOPLIST_FILE = digiVaultSignUp/Info.plist;
				LD_RUNPATH_SEARCH_PATHS = "$(inherited) @executable_path/Frameworks";
				PRODUCT_BUNDLE_IDENTIFIER = "R.M.D.-Enginering-College.digiVaultSignUp";
				PRODUCT_NAME = "$(TARGET_NAME)";
				SWIFT_VERSION = 3.0;
			};
			name = Release;
		};
		BE23D82D1F07560E00D34EB7 /* Debug */ = {
			isa = XCBuildConfiguration;
			baseConfigurationReference = CD9AF16172804B54F88E1193 /* Pods-digiVaultSignUpTests.debug.xcconfig */;
			buildSettings = {
				ALWAYS_EMBED_SWIFT_STANDARD_LIBRARIES = YES;
				BUNDLE_LOADER = "$(TEST_HOST)";
				INFOPLIST_FILE = digiVaultSignUpTests/Info.plist;
				LD_RUNPATH_SEARCH_PATHS = "$(inherited) @executable_path/Frameworks @loader_path/Frameworks";
				PRODUCT_BUNDLE_IDENTIFIER = "R.M.D.-Enginering-College.digiVaultSignUpTests";
				PRODUCT_NAME = "$(TARGET_NAME)";
				SWIFT_VERSION = 3.0;
				TEST_HOST = "$(BUILT_PRODUCTS_DIR)/digiVaultSignUp.app/digiVaultSignUp";
			};
			name = Debug;
		};
		BE23D82E1F07560E00D34EB7 /* Release */ = {
			isa = XCBuildConfiguration;
			baseConfigurationReference = A826C4FC3C63DE90B9138B6F /* Pods-digiVaultSignUpTests.release.xcconfig */;
			buildSettings = {
				ALWAYS_EMBED_SWIFT_STANDARD_LIBRARIES = YES;
				BUNDLE_LOADER = "$(TEST_HOST)";
				INFOPLIST_FILE = digiVaultSignUpTests/Info.plist;
				LD_RUNPATH_SEARCH_PATHS = "$(inherited) @executable_path/Frameworks @loader_path/Frameworks";
				PRODUCT_BUNDLE_IDENTIFIER = "R.M.D.-Enginering-College.digiVaultSignUpTests";
				PRODUCT_NAME = "$(TARGET_NAME)";
				SWIFT_VERSION = 3.0;
				TEST_HOST = "$(BUILT_PRODUCTS_DIR)/digiVaultSignUp.app/digiVaultSignUp";
			};
			name = Release;
		};
		BE23D8301F07560E00D34EB7 /* Debug */ = {
			isa = XCBuildConfiguration;
			baseConfigurationReference = 56868AA439BBE4220B9450B2 /* Pods-digiVaultSignUpUITests.debug.xcconfig */;
			buildSettings = {
				ALWAYS_EMBED_SWIFT_STANDARD_LIBRARIES = YES;
				INFOPLIST_FILE = digiVaultSignUpUITests/Info.plist;
				LD_RUNPATH_SEARCH_PATHS = "$(inherited) @executable_path/Frameworks @loader_path/Frameworks";
				PRODUCT_BUNDLE_IDENTIFIER = "R.M.D.-Enginering-College.digiVaultSignUpUITests";
				PRODUCT_NAME = "$(TARGET_NAME)";
				SWIFT_VERSION = 3.0;
				TEST_TARGET_NAME = digiVaultSignUp;
			};
			name = Debug;
		};
		BE23D8311F07560E00D34EB7 /* Release */ = {
			isa = XCBuildConfiguration;
			baseConfigurationReference = 32DE1C6F715ECEBB5029A8A1 /* Pods-digiVaultSignUpUITests.release.xcconfig */;
			buildSettings = {
				ALWAYS_EMBED_SWIFT_STANDARD_LIBRARIES = YES;
				INFOPLIST_FILE = digiVaultSignUpUITests/Info.plist;
				LD_RUNPATH_SEARCH_PATHS = "$(inherited) @executable_path/Frameworks @loader_path/Frameworks";
				PRODUCT_BUNDLE_IDENTIFIER = "R.M.D.-Enginering-College.digiVaultSignUpUITests";
				PRODUCT_NAME = "$(TARGET_NAME)";
				SWIFT_VERSION = 3.0;
				TEST_TARGET_NAME = digiVaultSignUp;
			};
			name = Release;
		};
/* End XCBuildConfiguration section */

/* Begin XCConfigurationList section */
		BE23D7F91F07560E00D34EB7 /* Build configuration list for PBXProject "digiVaultSignUp" */ = {
			isa = XCConfigurationList;
			buildConfigurations = (
				BE23D8271F07560E00D34EB7 /* Debug */,
				BE23D8281F07560E00D34EB7 /* Release */,
			);
			defaultConfigurationIsVisible = 0;
			defaultConfigurationName = Release;
		};
		BE23D8291F07560E00D34EB7 /* Build configuration list for PBXNativeTarget "digiVaultSignUp" */ = {
			isa = XCConfigurationList;
			buildConfigurations = (
				BE23D82A1F07560E00D34EB7 /* Debug */,
				BE23D82B1F07560E00D34EB7 /* Release */,
			);
			defaultConfigurationIsVisible = 0;
			defaultConfigurationName = Release;
		};
		BE23D82C1F07560E00D34EB7 /* Build configuration list for PBXNativeTarget "digiVaultSignUpTests" */ = {
			isa = XCConfigurationList;
			buildConfigurations = (
				BE23D82D1F07560E00D34EB7 /* Debug */,
				BE23D82E1F07560E00D34EB7 /* Release */,
			);
			defaultConfigurationIsVisible = 0;
			defaultConfigurationName = Release;
		};
		BE23D82F1F07560E00D34EB7 /* Build configuration list for PBXNativeTarget "digiVaultSignUpUITests" */ = {
			isa = XCConfigurationList;
			buildConfigurations = (
				BE23D8301F07560E00D34EB7 /* Debug */,
				BE23D8311F07560E00D34EB7 /* Release */,
			);
			defaultConfigurationIsVisible = 0;
			defaultConfigurationName = Release;
		};
/* End XCConfigurationList section */

/* Begin XCVersionGroup section */
		BE23D8081F07560E00D34EB7 /* digiVaultSignUp.xcdatamodeld */ = {
			isa = XCVersionGroup;
			children = (
				BE23D8091F07560E00D34EB7 /* digiVaultSignUp.xcdatamodel */,
			);
			currentVersion = BE23D8091F07560E00D34EB7 /* digiVaultSignUp.xcdatamodel */;
			path = digiVaultSignUp.xcdatamodeld;
			sourceTree = "<group>";
			versionGroupType = wrapper.xcdatamodel;
		};
/* End XCVersionGroup section */
	};
	rootObject = BE23D7F61F07560E00D34EB7 /* Project object */;
}
